
Microsoft Visual Studio Solution File, Format Version 12.00
# Visual Studio 15
VisualStudioVersion = 15.0.28307.329
MinimumVisualStudioVersion = 10.0.40219.1
Project("{8BC9CEB8-8B4A-11D0-8D11-00A0C91BC942}") = "add", "add\add.vcxproj", "{41B5CC49-0B5A-4388-A403-35086366A06F}"
EndProject
Global
	GlobalSection(SolutionConfigurationPlatforms) = preSolution
		Debug|x64 = Debug|x64
		Debug|x86 = Debug|x86
		Release|x64 = Release|x64
		Release|x86 = Release|x86
	EndGlobalSection
	GlobalSection(ProjectConfigurationPlatforms) = postSolution
		{41B5CC49-0B5A-4388-A403-35086366A06F}.Debug|x64.ActiveCfg = Debug|x64
		{41B5CC49-0B5A-4388-A403-35086366A06F}.Debug|x64.Build.0 = Debug|x64
		{41B5CC49-0B5A-4388-A403-35086366A06F}.Debug|x86.ActiveCfg = Debug|Win32
		{41B5CC49-0B5A-4388-A403-35086366A06F}.Debug|x86.Build.0 = Debug|Win32
		{41B5CC49-0B5A-4388-A403-35086366A06F}.Release|x64.ActiveCfg = Release|x64
		{41B5CC49-0B5A-4388-A403-35086366A06F}.Release|x64.Build.0 = Release|x64
		{41B5CC49-0B5A-4388-A403-35086366A06F}.Release|x86.ActiveCfg = Release|Win32
		{41B5CC49-0B5A-4388-A403-35086366A06F}.Release|x86.Build.0 = Release|Win32
	EndGlobalSection
	GlobalSection(SolutionProperties) = preSolution
		HideSolutionNode = FALSE
	EndGlobalSection
	GlobalSection(ExtensibilityGlobals) = postSolution
		SolutionGuid = {A833E5FF-95C5-4D16-93FA-EB380B2F4E5D}
	EndGlobalSection
EndGlobal
